
Microsoft Visual Studio Solution File, Format Version 12.00
# Visual Studio 15
VisualStudioVersion = 15.0.27130.2027
MinimumVisualStudioVersion = 10.0.40219.1
Project("{FAE04EC0-301F-11D3-BF4B-00C04F79EFBC}") = "UltimateTicTacToe", "UltimateTicTacToe\UltimateTicTacToe.csproj", "{4F2AF993-4BD0-4D9B-B936-47C8ADFEF0B8}"
EndProject
Global
	GlobalSection(SolutionConfigurationPlatforms) = preSolution
		Debug|Any CPU = Debug|Any CPU
		Release|Any CPU = Release|Any CPU
	EndGlobalSection
	GlobalSection(ProjectConfigurationPlatforms) = postSolution
		{4F2AF993-4BD0-4D9B-B936-47C8ADFEF0B8}.Debug|Any CPU.ActiveCfg = Debug|Any CPU
		{4F2AF993-4BD0-4D9B-B936-47C8ADFEF0B8}.Debug|Any CPU.Build.0 = Debug|Any CPU
		{4F2AF993-4BD0-4D9B-B936-47C8ADFEF0B8}.Release|Any CPU.ActiveCfg = Release|Any CPU
		{4F2AF993-4BD0-4D9B-B936-47C8ADFEF0B8}.Release|Any CPU.Build.0 = Release|Any CPU
	EndGlobalSection
	GlobalSection(SolutionProperties) = preSolution
		HideSolutionNode = FALSE
	EndGlobalSection
	GlobalSection(ExtensibilityGlobals) = postSolution
		SolutionGuid = {4A0C6E5A-C60D-4D94-B721-6431CA81CE45}
	EndGlobalSection
EndGlobal
